
Microsoft Visual Studio Solution File, Format Version 12.00
# Visual Studio Version 17
VisualStudioVersion = 17.5.33627.172
MinimumVisualStudioVersion = 10.0.40219.1
Project("{FAE04EC0-301F-11D3-BF4B-00C04F79EFBC}") = "ParcialPresentacionWeb3", "ParcialPresentacionWeb3\ParcialPresentacionWeb3.csproj", "{15AA2746-DDA9-446C-BBB5-7B5750943113}"
EndProject
Project("{FAE04EC0-301F-11D3-BF4B-00C04F79EFBC}") = "ParcialPresentacionWeb3Modelo", "ParcialPresentacionWeb3Modelo\ParcialPresentacionWeb3Modelo.csproj", "{FFD37B01-DB2B-4371-8748-1A7BBB67F054}"
EndProject
Project("{FAE04EC0-301F-11D3-BF4B-00C04F79EFBC}") = "ParcialPresentacionWeb3Servicio", "ParcialPresentacionWeb3Servicio\ParcialPresentacionWeb3Servicio.csproj", "{4E49F111-10CF-4241-A232-6D3743E93FCB}"
EndProject
Global
	GlobalSection(SolutionConfigurationPlatforms) = preSolution
		Debug|Any CPU = Debug|Any CPU
		Release|Any CPU = Release|Any CPU
	EndGlobalSection
	GlobalSection(ProjectConfigurationPlatforms) = postSolution
		{15AA2746-DDA9-446C-BBB5-7B5750943113}.Debug|Any CPU.ActiveCfg = Debug|Any CPU
		{15AA2746-DDA9-446C-BBB5-7B5750943113}.Debug|Any CPU.Build.0 = Debug|Any CPU
		{15AA2746-DDA9-446C-BBB5-7B5750943113}.Release|Any CPU.ActiveCfg = Release|Any CPU
		{15AA2746-DDA9-446C-BBB5-7B5750943113}.Release|Any CPU.Build.0 = Release|Any CPU
		{FFD37B01-DB2B-4371-8748-1A7BBB67F054}.Debug|Any CPU.ActiveCfg = Debug|Any CPU
		{FFD37B01-DB2B-4371-8748-1A7BBB67F054}.Debug|Any CPU.Build.0 = Debug|Any CPU
		{FFD37B01-DB2B-4371-8748-1A7BBB67F054}.Release|Any CPU.ActiveCfg = Release|Any CPU
		{FFD37B01-DB2B-4371-8748-1A7BBB67F054}.Release|Any CPU.Build.0 = Release|Any CPU
		{4E49F111-10CF-4241-A232-6D3743E93FCB}.Debug|Any CPU.ActiveCfg = Debug|Any CPU
		{4E49F111-10CF-4241-A232-6D3743E93FCB}.Debug|Any CPU.Build.0 = Debug|Any CPU
		{4E49F111-10CF-4241-A232-6D3743E93FCB}.Release|Any CPU.ActiveCfg = Release|Any CPU
		{4E49F111-10CF-4241-A232-6D3743E93FCB}.Release|Any CPU.Build.0 = Release|Any CPU
	EndGlobalSection
	GlobalSection(SolutionProperties) = preSolution
		HideSolutionNode = FALSE
	EndGlobalSection
	GlobalSection(ExtensibilityGlobals) = postSolution
		SolutionGuid = {18A885EF-3FB6-4D76-91BE-7E86D29A21CC}
	EndGlobalSection
EndGlobal
